<?xml version="1.0" encoding="utf-8"?>
<Project ToolsVersion="4.0" xmlns="http://schemas.microsoft.com/developer/msbuild/2003">
  <ItemGroup>
    <Filter Include="Source Code">
      <UniqueIdentifier>{cd7ada92-0f40-47b1-9b9c-584838234ff4}</UniqueIdentifier>
    </Filter>
    <Filter Include="Source Code\CmdCalculator">
      <UniqueIdentifier>{861c10d7-442f-4812-9553-90f1c71a43a7}</UniqueIdentifier>
    </Filter>
    <Filter Include="Source Code\CmdCalculator\MathAst">
      <UniqueIdentifier>{862287a5-ed56-4d45-951a-ce9c84987339}</UniqueIdentifier>
    </Filter>
    <Filter Include="Source Code\CmdCalculator\MathAst\MathAstNode">
      <UniqueIdentifier>{742f7eb1-ca5f-4d78-b00b-95d56182af68}</UniqueIdentifier>
    </Filter>
    <Filter Include="Source Code\CmdCalculator\Calculation">
      <UniqueIdentifier>{113656e8-2abc-4eee-8870-a4bfe3e12a92}</UniqueIdentifier>
    </Filter>
    <Filter Include="Source Code\CmdCalculator\Console">
      <UniqueIdentifier>{f3e65078-8c44-4c69-8a24-d51fb1ad5837}</UniqueIdentifier>
    </Filter>
    <Filter Include="Source Code\CmdCalculator\Conversions">
      <UniqueIdentifier>{26cf7da9-b859-4441-af9a-a35c733fea91}</UniqueIdentifier>
    </Filter>
    <Filter Include="Source Code\CmdCalculator\Exceptions">
      <UniqueIdentifier>{8dc3c785-56f5-471a-8eb6-1ed3ba4d3f13}</UniqueIdentifier>
    </Filter>
    <Filter Include="Source Code\CmdCalculator\Exceptions\Invalid Input Expression">
      <UniqueIdentifier>{37afeeae-0997-4d3e-9b7d-73cdaa338ea1}</UniqueIdentifier>
    </Filter>
    <Filter Include="Source Code\CmdCalculator\Exceptions\Invalid Input Expression\InvalidInputExpressionException">
      <UniqueIdentifier>{c24dcff8-fb5b-4901-a44f-e9088a7e817e}</UniqueIdentifier>
    </Filter>
    <Filter Include="Source Code\CmdCalculator\Expressions">
      <UniqueIdentifier>{54254547-9ab8-40d4-9fcf-1a19bd6a0588}</UniqueIdentifier>
    </Filter>
    <Filter Include="Source Code\CmdCalculator\RawCmdLineArgParser">
      <UniqueIdentifier>{371b337e-1605-487d-932b-0ef9da0af543}</UniqueIdentifier>
    </Filter>
    <Filter Include="Source Code\CmdCalculator\String">
      <UniqueIdentifier>{cd658a14-b12e-47e5-a24a-30350a77883a}</UniqueIdentifier>
    </Filter>
    <Filter Include="Source Code\CmdCalculator\Conversions\ExpressionToStringConverter">
      <UniqueIdentifier>{e3874a65-0c11-4bb6-9f28-3998e2575a6a}</UniqueIdentifier>
    </Filter>
    <Filter Include="Source Code\CmdCalculator\Conversions\MathAstToExpressionConverter">
      <UniqueIdentifier>{a03cf543-6e5f-4b37-91e9-ba6d1955a285}</UniqueIdentifier>
    </Filter>
    <Filter Include="Source Code\CmdCalculator\Conversions\StringToMathAstConverter">
      <UniqueIdentifier>{7067254a-f655-4f52-a1d8-f87f2c9d820b}</UniqueIdentifier>
    </Filter>
    <Filter Include="Source Code\CmdCalculator\Conversions\ANTLR">
      <UniqueIdentifier>{f5740463-aec5-44ba-b416-a9af3cbc3b2c}</UniqueIdentifier>
    </Filter>
    <Filter Include="Source Code\CmdCalculator\Conversions\ANTLR\StringToAntlrContextConverter">
      <UniqueIdentifier>{a581a1f2-00bd-4ec7-9a16-d945ef8a4be0}</UniqueIdentifier>
    </Filter>
    <Filter Include="Source Code\CmdCalculator\Conversions\ANTLR\AntlrContextToMathAstConverter">
      <UniqueIdentifier>{e5a27535-d5cf-43a3-b421-33130fead60e}</UniqueIdentifier>
    </Filter>
    <Filter Include="Source Code\CmdCalculator\Conversions\ANTLR\AntlrToken">
      <UniqueIdentifier>{1f90f98b-7b7b-4a41-b447-3d7a65e55249}</UniqueIdentifier>
    </Filter>
    <Filter Include="Source Code\CmdCalculator\Conversions\ANTLR\ANTLR Context Objects">
      <UniqueIdentifier>{da69689f-a4e2-4bf1-840a-0f23c3678e60}</UniqueIdentifier>
    </Filter>
    <Filter Include="Source Code\CmdCalculator\Conversions\ANTLR\ANTLR Context Objects\FullExpressionAntlrContext">
      <UniqueIdentifier>{3f802ffb-e3bd-4dab-a43d-91a79a209965}</UniqueIdentifier>
    </Filter>
    <Filter Include="Source Code\CmdCalculator\Conversions\ANTLR\ANTLR Context Objects\ExpressionAntlrContext">
      <UniqueIdentifier>{115c937c-2aa3-4a5f-a94c-598f560a4b51}</UniqueIdentifier>
    </Filter>
    <Filter Include="Source Code\CmdCalculator\Conversions\ANTLR\ANTLR Context Objects\OperandAntlrContext">
      <UniqueIdentifier>{0b57457d-4c8d-4279-b9fc-bfd7fb85cb14}</UniqueIdentifier>
    </Filter>
    <Filter Include="Source Code\CmdCalculator\Conversions\ANTLR\ANTLR Context Objects\NonGroupingMultiplicationAntlrContext">
      <UniqueIdentifier>{ec54a3b1-2326-4d8c-bd6e-526aa906a661}</UniqueIdentifier>
    </Filter>
    <Filter Include="Source Code\CmdCalculator\Conversions\ANTLR\ANTLR Context Objects\NumberLiteralAntlrContext">
      <UniqueIdentifier>{d6fa09cb-8842-4d27-8556-ed6d2fc35344}</UniqueIdentifier>
    </Filter>
    <Filter Include="Source Code\CmdCalculator\Conversions\ANTLR\ANTLR Context Objects\WholefulNumberLiteralAntlrContext">
      <UniqueIdentifier>{522e93e4-815d-4de1-b01a-58d344f3ab0b}</UniqueIdentifier>
    </Filter>
    <Filter Include="Source Code\CmdCalculator\Conversions\ANTLR\ANTLR Context Objects\WholelessNumberLiteralAntlrContext">
      <UniqueIdentifier>{df39bd0e-98ac-414b-9c5c-1ba9e0785e4f}</UniqueIdentifier>
    </Filter>
    <Filter Include="Source Code\CmdCalculator\Conversions\ANTLR\ANTLR Context Objects\SignOperationAntlrContext">
      <UniqueIdentifier>{988e060e-b44a-4de7-8629-cfe21b1fd2ef}</UniqueIdentifier>
    </Filter>
    <Filter Include="Source Code\CmdCalculator\Conversions\ANTLR\ANTLR Context Objects\SignOperatorAntlrContext">
      <UniqueIdentifier>{a43db124-35c8-4ebe-a23a-bd136ebad84e}</UniqueIdentifier>
    </Filter>
    <Filter Include="Source Code\CmdCalculator\Conversions\ANTLR\ANTLR Context Objects\SqrtOperationAntlrContext">
      <UniqueIdentifier>{6d747f8d-7de1-4a89-9d46-1d88e0813f26}</UniqueIdentifier>
    </Filter>
    <Filter Include="Source Code\CmdCalculator\Conversions\ANTLR\ANTLR Context Objects\GroupingAntlrContext">
      <UniqueIdentifier>{b4e577e1-a290-4ece-b372-e65c12b77824}</UniqueIdentifier>
    </Filter>
    <Filter Include="Source Code\CmdCalculator\Conversions\ANTLR\ANTLR Context Objects\AbsoluteValueOperationAntlrContext">
      <UniqueIdentifier>{35af051b-6380-46a9-acff-335e6b57d561}</UniqueIdentifier>
    </Filter>
    <Filter Include="Source Code\CmdCalculator\Conversions\ANTLR\ANTLR Context Objects\GroupingMultiplicationAntlrContext">
      <UniqueIdentifier>{c1275108-da9c-4a52-b668-725bad40e114}</UniqueIdentifier>
    </Filter>
    <Filter Include="Source Code\CmdCalculator\Conversions\ANTLR\ANTLR Context Objects\GroupingTailMultiplicandAntlrContext">
      <UniqueIdentifier>{7f47c1eb-2d96-452a-9e2d-d8cf449ff86b}</UniqueIdentifier>
    </Filter>
    <Filter Include="Source Code\CmdCalculator\Conversions\ANTLR\ANTLR Context Objects\OperationPartPairAntlrContext">
      <UniqueIdentifier>{13bd59d8-6ba5-4448-a324-d9fc2216dc5b}</UniqueIdentifier>
    </Filter>
    <Filter Include="Source Code\CmdCalculator\Conversions\ANTLR\ANTLR Context Objects\BinaryOperatorAntlrContext">
      <UniqueIdentifier>{7844ef14-ba5a-4a42-9c0e-4326d9298ba3}</UniqueIdentifier>
    </Filter>
    <Filter Include="Source Code\CmdCalculator\MathAst\Dynamic">
      <UniqueIdentifier>{065f72ed-0763-47d2-a9e3-33ebcc56bc77}</UniqueIdentifier>
    </Filter>
    <Filter Include="Source Code\CmdCalculator\MathAst\Dynamic\DynamicExpressionNode">
      <UniqueIdentifier>{109b8b12-f601-448f-b04b-408929c587d0}</UniqueIdentifier>
    </Filter>
    <Filter Include="Source Code\CmdCalculator\MathAst\Dynamic\DynamicOperandNode">
      <UniqueIdentifier>{3a1f9d6e-63c3-4cee-b176-81ce6607e456}</UniqueIdentifier>
    </Filter>
    <Filter Include="Source Code\CmdCalculator\MathAst\Dynamic\DynamicGroupingNode">
      <UniqueIdentifier>{1d5e8065-b0ab-4131-be55-87b430756738}</UniqueIdentifier>
    </Filter>
  </ItemGroup>
  <ItemGroup>
    <ClInclude Include="FakeConsole.h">
      <Filter>Source Code\CmdCalculator\Console</Filter>
    </ClInclude>
    <ClInclude Include="StubExpression.h">
      <Filter>Source Code\CmdCalculator\Expressions</Filter>
    </ClInclude>
    <ClInclude Include="StubThrowingRawCmdLineArgParser.h">
      <Filter>Source Code\CmdCalculator\RawCmdLineArgParser</Filter>
    </ClInclude>
    <ClInclude Include="StubCalculation.h">
      <Filter>Source Code\CmdCalculator\Calculation</Filter>
    </ClInclude>
    <ClInclude Include="StubThrowingCalculation.h">
      <Filter>Source Code\CmdCalculator\Calculation</Filter>
    </ClInclude>
    <ClInclude Include="DummyInvalidInputExpressionException.h">
      <Filter>Source Code\CmdCalculator\Exceptions\Invalid Input Expression\InvalidInputExpressionException</Filter>
    </ClInclude>
    <ClInclude Include="FakeCalculation.h">
      <Filter>Source Code\CmdCalculator\Calculation</Filter>
    </ClInclude>
    <ClInclude Include="StubMathAstNode.h">
      <Filter>Source Code\CmdCalculator\MathAst\MathAstNode</Filter>
    </ClInclude>
    <ClInclude Include="StubTrackingMathAstNode.h">
      <Filter>Source Code\CmdCalculator\MathAst\MathAstNode</Filter>
    </ClInclude>
    <ClInclude Include="StubTrackingExpression.h">
      <Filter>Source Code\CmdCalculator\Expressions</Filter>
    </ClInclude>
    <ClInclude Include="StubTrackingConvertedString.h">
      <Filter>Source Code\CmdCalculator\String</Filter>
    </ClInclude>
    <ClInclude Include="StubExpressionToStringConverter.h">
      <Filter>Source Code\CmdCalculator\Conversions\ExpressionToStringConverter</Filter>
    </ClInclude>
    <ClInclude Include="StubMathAstToExpressionConverter.h">
      <Filter>Source Code\CmdCalculator\Conversions\MathAstToExpressionConverter</Filter>
    </ClInclude>
    <ClInclude Include="StubTrackingExpressionToStringConverter.h">
      <Filter>Source Code\CmdCalculator\Conversions\ExpressionToStringConverter</Filter>
    </ClInclude>
    <ClInclude Include="StubTrackingMathAstToExpressionConverter.h">
      <Filter>Source Code\CmdCalculator\Conversions\MathAstToExpressionConverter</Filter>
    </ClInclude>
    <ClInclude Include="StubStringToMathAstConverter.h">
      <Filter>Source Code\CmdCalculator\Conversions\StringToMathAstConverter</Filter>
    </ClInclude>
    <ClInclude Include="StubTrackingStringToMathAstConverter.h">
      <Filter>Source Code\CmdCalculator\Conversions\StringToMathAstConverter</Filter>
    </ClInclude>
    <ClInclude Include="StubValidatingStringToMathAstConverter.h">
      <Filter>Source Code\CmdCalculator\Conversions\StringToMathAstConverter</Filter>
    </ClInclude>
    <ClInclude Include="StubTrackingStringToAntlrContextConverter.h">
      <Filter>Source Code\CmdCalculator\Conversions\ANTLR\StringToAntlrContextConverter</Filter>
    </ClInclude>
    <ClInclude Include="StubThrowingStringToAntlrContextConverter.h">
      <Filter>Source Code\CmdCalculator\Conversions\ANTLR\StringToAntlrContextConverter</Filter>
    </ClInclude>
    <ClInclude Include="StubTrackingAntlrContextToMathAstConverter.h">
      <Filter>Source Code\CmdCalculator\Conversions\ANTLR\AntlrContextToMathAstConverter</Filter>
    </ClInclude>
    <ClInclude Include="StubAntlrToken.h">
      <Filter>Source Code\CmdCalculator\Conversions\ANTLR\AntlrToken</Filter>
    </ClInclude>
    <ClInclude Include="StubTrackingFullExpressionAntlrContext.h">
      <Filter>Source Code\CmdCalculator\Conversions\ANTLR\ANTLR Context Objects\FullExpressionAntlrContext</Filter>
    </ClInclude>
    <ClInclude Include="StubExpressionAntlrContext.h">
      <Filter>Source Code\CmdCalculator\Conversions\ANTLR\ANTLR Context Objects\ExpressionAntlrContext</Filter>
    </ClInclude>
    <ClInclude Include="StubOperandAntlrContext.h">
      <Filter>Source Code\CmdCalculator\Conversions\ANTLR\ANTLR Context Objects\OperandAntlrContext</Filter>
    </ClInclude>
    <ClInclude Include="StubNonGroupingMultiplicationAntlrContext.h">
      <Filter>Source Code\CmdCalculator\Conversions\ANTLR\ANTLR Context Objects\NonGroupingMultiplicationAntlrContext</Filter>
    </ClInclude>
    <ClInclude Include="StubNumberLiteralAntlrContext.h">
      <Filter>Source Code\CmdCalculator\Conversions\ANTLR\ANTLR Context Objects\NumberLiteralAntlrContext</Filter>
    </ClInclude>
    <ClInclude Include="StubWholefulNumberLiteralAntlrContext.h">
      <Filter>Source Code\CmdCalculator\Conversions\ANTLR\ANTLR Context Objects\WholefulNumberLiteralAntlrContext</Filter>
    </ClInclude>
    <ClInclude Include="StubWholelessNumberLiteralAntlrContext.h">
      <Filter>Source Code\CmdCalculator\Conversions\ANTLR\ANTLR Context Objects\WholelessNumberLiteralAntlrContext</Filter>
    </ClInclude>
    <ClInclude Include="StubSignOperationAntlrContext.h">
      <Filter>Source Code\CmdCalculator\Conversions\ANTLR\ANTLR Context Objects\SignOperationAntlrContext</Filter>
    </ClInclude>
    <ClInclude Include="StubSignOperatorAntlrContext.h">
      <Filter>Source Code\CmdCalculator\Conversions\ANTLR\ANTLR Context Objects\SignOperatorAntlrContext</Filter>
    </ClInclude>
    <ClInclude Include="StubSqrtOperationAntlrContext.h">
      <Filter>Source Code\CmdCalculator\Conversions\ANTLR\ANTLR Context Objects\SqrtOperationAntlrContext</Filter>
    </ClInclude>
    <ClInclude Include="StubGroupingAntlrContext.h">
      <Filter>Source Code\CmdCalculator\Conversions\ANTLR\ANTLR Context Objects\GroupingAntlrContext</Filter>
    </ClInclude>
    <ClInclude Include="StubAbsoluteValueOperationAntlrContext.h">
      <Filter>Source Code\CmdCalculator\Conversions\ANTLR\ANTLR Context Objects\AbsoluteValueOperationAntlrContext</Filter>
    </ClInclude>
    <ClInclude Include="StubGroupingMultiplicationAntlrContext.h">
      <Filter>Source Code\CmdCalculator\Conversions\ANTLR\ANTLR Context Objects\GroupingMultiplicationAntlrContext</Filter>
    </ClInclude>
    <ClInclude Include="StubGroupingTailMultiplicandAntlrContext.h">
      <Filter>Source Code\CmdCalculator\Conversions\ANTLR\ANTLR Context Objects\GroupingTailMultiplicandAntlrContext</Filter>
    </ClInclude>
    <ClInclude Include="StubOperationPartPairAntlrContext.h">
      <Filter>Source Code\CmdCalculator\Conversions\ANTLR\ANTLR Context Objects\OperationPartPairAntlrContext</Filter>
    </ClInclude>
    <ClInclude Include="StubBinaryOperatorAntlrContext.h">
      <Filter>Source Code\CmdCalculator\Conversions\ANTLR\ANTLR Context Objects\BinaryOperatorAntlrContext</Filter>
    </ClInclude>
    <ClInclude Include="StubTrackingDynamicExpressionNode.h">
      <Filter>Source Code\CmdCalculator\MathAst\Dynamic\DynamicExpressionNode</Filter>
    </ClInclude>
    <ClInclude Include="StubDynamicExpressionNode.h">
      <Filter>Source Code\CmdCalculator\MathAst\Dynamic\DynamicExpressionNode</Filter>
    </ClInclude>
    <ClInclude Include="StubDynamicOperandNode.h">
      <Filter>Source Code\CmdCalculator\MathAst\Dynamic\DynamicOperandNode</Filter>
    </ClInclude>
    <ClInclude Include="StubDynamicGroupingNode.h">
      <Filter>Source Code\CmdCalculator\MathAst\Dynamic\DynamicGroupingNode</Filter>
    </ClInclude>
  </ItemGroup>
  <ItemGroup>
    <ClCompile Include="StubRawCmdLineArgParser.h">
      <Filter>Source Code\CmdCalculator\RawCmdLineArgParser</Filter>
    </ClCompile>
  </ItemGroup>
</Project>