<?xml version="1.0" encoding="utf-8"?>
<Project ToolsVersion="4.0" xmlns="http://schemas.microsoft.com/developer/msbuild/2003">
  <ItemGroup>
    <ClCompile Include="pch.cpp">
      <Filter>Source Code\pch</Filter>
    </ClCompile>
    <ClCompile Include="FakeConsoleTests.cpp">
      <Filter>Source Code\Tests\Console</Filter>
    </ClCompile>
    <ClCompile Include="StubExpressionTests.cpp">
      <Filter>Source Code\Tests\Expressions</Filter>
    </ClCompile>
    <ClCompile Include="StubMathAstNodeTests.cpp">
      <Filter>Source Code\Tests\MathAst</Filter>
    </ClCompile>
    <ClCompile Include="StubRawCmdLineArgParserTests.cpp">
      <Filter>Source Code\Tests\RawCmdLineArgParser</Filter>
    </ClCompile>
    <ClCompile Include="StubThrowingRawCmdLineArgParserTests.cpp">
      <Filter>Source Code\Tests\RawCmdLineArgParser</Filter>
    </ClCompile>
    <ClCompile Include="StubCalculationTests.cpp">
      <Filter>Source Code\Tests\Calculation</Filter>
    </ClCompile>
    <ClCompile Include="StubThrowingCalculationTests.cpp">
      <Filter>Source Code\Tests\Calculation</Filter>
    </ClCompile>
    <ClCompile Include="StubExpressionToStringConverterTests.cpp">
      <Filter>Source Code\Tests\Conversions\ExpressionToStringConverter</Filter>
    </ClCompile>
    <ClCompile Include="StubMathAstToExpressionConverterTests.cpp">
      <Filter>Source Code\Tests\Conversions\MathAstToExpressionConverter</Filter>
    </ClCompile>
    <ClCompile Include="StubStringToMathAstConverterTests.cpp">
      <Filter>Source Code\Tests\Conversions\StringToMathAstConverter</Filter>
    </ClCompile>
    <ClCompile Include="StubValidatingStringToMathAstConverterTests.cpp">
      <Filter>Source Code\Tests\Conversions\StringToMathAstConverter</Filter>
    </ClCompile>
  </ItemGroup>
  <ItemGroup>
    <Filter Include="Source Code">
      <UniqueIdentifier>{f319242c-9958-4e41-b080-5e9afbc611ec}</UniqueIdentifier>
    </Filter>
    <Filter Include="Source Code\pch">
      <UniqueIdentifier>{df293621-6d26-4827-b12a-00a5961cd155}</UniqueIdentifier>
    </Filter>
    <Filter Include="Source Code\Tests">
      <UniqueIdentifier>{a0f3f260-0f09-46d9-beb6-51a624fa7257}</UniqueIdentifier>
    </Filter>
    <Filter Include="Source Code\Tests\Console">
      <UniqueIdentifier>{9b2cec71-fb98-48d8-8b04-cee73e042049}</UniqueIdentifier>
    </Filter>
    <Filter Include="Source Code\Tests\Conversions">
      <UniqueIdentifier>{9e29f757-e175-4c65-ae9b-94585de87f0b}</UniqueIdentifier>
    </Filter>
    <Filter Include="Source Code\Tests\Expressions">
      <UniqueIdentifier>{cb1ed799-06a2-433b-afe1-82718eab37ec}</UniqueIdentifier>
    </Filter>
    <Filter Include="Source Code\Tests\MathAst">
      <UniqueIdentifier>{9d50dce3-e664-4d24-9a7a-d6691e271e62}</UniqueIdentifier>
    </Filter>
    <Filter Include="Source Code\Tests\RawCmdLineArgParser">
      <UniqueIdentifier>{93f9a107-e4b4-45c3-b9fb-48695198ae80}</UniqueIdentifier>
    </Filter>
    <Filter Include="Source Code\Tests\Calculation">
      <UniqueIdentifier>{d47e4ed8-9aba-4be3-bd4b-480a056485c9}</UniqueIdentifier>
    </Filter>
    <Filter Include="Source Code\Tests\Conversions\ExpressionToStringConverter">
      <UniqueIdentifier>{edd3a2a7-fc25-4118-9913-a66568a98a20}</UniqueIdentifier>
    </Filter>
    <Filter Include="Source Code\Tests\Conversions\MathAstToExpressionConverter">
      <UniqueIdentifier>{ccc57f9f-4acd-4fbd-9af3-f4f84c111f3b}</UniqueIdentifier>
    </Filter>
    <Filter Include="Source Code\Tests\Conversions\StringToMathAstConverter">
      <UniqueIdentifier>{c024f50c-e35a-4ecf-b401-089611c81516}</UniqueIdentifier>
    </Filter>
  </ItemGroup>
  <ItemGroup>
    <ClInclude Include="pch.h">
      <Filter>Source Code\pch</Filter>
    </ClInclude>
  </ItemGroup>
  <ItemGroup>
    <None Include="packages.config" />
  </ItemGroup>
</Project>