<?xml version="1.0" encoding="utf-8"?>
<Project ToolsVersion="4.0" xmlns="http://schemas.microsoft.com/developer/msbuild/2003">
  <ItemGroup>
    <Filter Include="Source Code">
      <UniqueIdentifier>{d9c1e6b0-97ca-4c73-a701-6133e954e817}</UniqueIdentifier>
    </Filter>
    <Filter Include="Source Code\CalculationConfiguration">
      <UniqueIdentifier>{2d53abbe-d655-46e6-a863-3db42d185559}</UniqueIdentifier>
    </Filter>
    <Filter Include="Source Code\Console">
      <UniqueIdentifier>{03fd4d71-8fcb-4692-8d31-8b286168e75b}</UniqueIdentifier>
    </Filter>
    <Filter Include="Source Code\Math AST">
      <UniqueIdentifier>{8668adda-befc-4fab-8630-231000c77fa2}</UniqueIdentifier>
    </Filter>
    <Filter Include="Source Code\Conversions">
      <UniqueIdentifier>{bf3f20b8-da31-4638-8f4a-f770dd8c5095}</UniqueIdentifier>
    </Filter>
    <Filter Include="Source Code\Expressions">
      <UniqueIdentifier>{ddb9ad41-d3b7-44c1-bd38-8e61fe661325}</UniqueIdentifier>
    </Filter>
    <Filter Include="Source Code\Process">
      <UniqueIdentifier>{7b39565f-8813-4a14-b834-c3eb35cd9f79}</UniqueIdentifier>
    </Filter>
    <Filter Include="Source Code\Calculation">
      <UniqueIdentifier>{ede9fcfe-95b9-45c8-b886-b11d6f49f670}</UniqueIdentifier>
    </Filter>
    <Filter Include="Source Code\Exceptions">
      <UniqueIdentifier>{a8c73f27-97cb-4a2a-954f-054261803597}</UniqueIdentifier>
    </Filter>
    <Filter Include="Source Code\Exceptions\Raw Cmd Line Args">
      <UniqueIdentifier>{53b396ec-e194-4442-bc4c-1499e4613189}</UniqueIdentifier>
    </Filter>
    <Filter Include="Source Code\Exceptions\Raw Cmd Line Args\UnknownCmdLineArgException">
      <UniqueIdentifier>{49d30086-081e-4b54-942c-cbaac956a248}</UniqueIdentifier>
    </Filter>
    <Filter Include="Source Code\Exceptions\Raw Cmd Line Args\MissingCmdLineArgValueException">
      <UniqueIdentifier>{35892eca-46a2-44c0-880b-f48668ea598f}</UniqueIdentifier>
    </Filter>
    <Filter Include="Source Code\Exceptions\Invalid Input Expression">
      <UniqueIdentifier>{7a408c41-e6f1-497a-97fd-816488463bd8}</UniqueIdentifier>
    </Filter>
    <Filter Include="Source Code\Math AST\Dynamic">
      <UniqueIdentifier>{016fde12-93c5-487f-be83-6fceaf21108e}</UniqueIdentifier>
    </Filter>
    <Filter Include="Source Code\Math AST\Dynamic\DynamicBinaryOperatorNode">
      <UniqueIdentifier>{2c2cfad5-c59a-44d7-ae3a-afc748ab32d2}</UniqueIdentifier>
    </Filter>
    <Filter Include="Source Code\Math AST\Dynamic\DynamicGroupingMultiplicationNode">
      <UniqueIdentifier>{ecc5791e-8598-428a-b506-f6090624daa9}</UniqueIdentifier>
    </Filter>
    <Filter Include="Source Code\Math AST\Dynamic\DynamicGroupingNode">
      <UniqueIdentifier>{9acec865-82ef-431a-bcc1-c95c810c0a75}</UniqueIdentifier>
    </Filter>
    <Filter Include="Source Code\Math AST\Dynamic\DynamicAbsoluteValueNode">
      <UniqueIdentifier>{ba1e3e96-bd75-4b59-b0e7-2a1fd09d773d}</UniqueIdentifier>
    </Filter>
    <Filter Include="Source Code\Math AST\Dynamic\DynamicNumberLiteralNode">
      <UniqueIdentifier>{428d90ea-27c1-4206-b791-ce8f8200943a}</UniqueIdentifier>
    </Filter>
    <Filter Include="Source Code\Math AST\Dynamic\DynamicSignOperationNode">
      <UniqueIdentifier>{0c5c7033-4cd6-4286-988f-6707082c2483}</UniqueIdentifier>
    </Filter>
    <Filter Include="Source Code\Math AST\Dynamic\DynamicSqrtOperationNode">
      <UniqueIdentifier>{a1c2d165-264a-4836-a253-4fb057fe7194}</UniqueIdentifier>
    </Filter>
    <Filter Include="Source Code\Conversions\String to Math AST">
      <UniqueIdentifier>{9ba44115-1c87-43da-84c7-9c73f54edf21}</UniqueIdentifier>
    </Filter>
    <Filter Include="Source Code\Conversions\String to Math AST\ANTLR">
      <UniqueIdentifier>{9503466b-234e-456e-8a7e-3c0bec4ebefb}</UniqueIdentifier>
    </Filter>
    <Filter Include="Source Code\Conversions\String to Math AST\ANTLR\AntlrBasedStringToMathAstConverter">
      <UniqueIdentifier>{51a6fc16-88da-4be1-aedf-49e133c5fe65}</UniqueIdentifier>
    </Filter>
    <Filter Include="Source Code\Calculation\BasicCalculation">
      <UniqueIdentifier>{48546601-64b7-462e-b56a-d7fc3cafdaf4}</UniqueIdentifier>
    </Filter>
    <Filter Include="Source Code\Conversions\String to Math AST\ANTLR\AntlrContextToMathAstConverter">
      <UniqueIdentifier>{4b982796-2712-41b2-8062-45aa7a280ea8}</UniqueIdentifier>
    </Filter>
    <Filter Include="Source Code\Conversions\String to Math AST\ANTLR\StringToAntlrContextConverter">
      <UniqueIdentifier>{7342e866-5ab3-49bc-982b-148acd641fa7}</UniqueIdentifier>
    </Filter>
    <Filter Include="Source Code\Conversions\String to Math AST\ANTLR\ANTLR Context Objects">
      <UniqueIdentifier>{3f087724-7fde-4105-90fe-1a1248d8937f}</UniqueIdentifier>
    </Filter>
    <Filter Include="Source Code\Conversions\String to Math AST\ANTLR\AntlrToken">
      <UniqueIdentifier>{6ae61add-c146-4aea-9638-95541374e112}</UniqueIdentifier>
    </Filter>
    <Filter Include="Source Code\Conversions\String to Math AST\ANTLR\ANTLR Context Objects\FullExpressionAntlrContext">
      <UniqueIdentifier>{cdf9bd18-4b79-4f8d-8904-63aa377b86d5}</UniqueIdentifier>
    </Filter>
    <Filter Include="Source Code\Conversions\String to Math AST\ANTLR\ANTLR Context Objects\OperandAntlrContext">
      <UniqueIdentifier>{a3cdb57f-62df-476c-8f05-d57fd0639036}</UniqueIdentifier>
    </Filter>
    <Filter Include="Source Code\Conversions\String to Math AST\ANTLR\ANTLR Context Objects\ExpressionAntlrContext">
      <UniqueIdentifier>{59d1c69a-94db-4548-96c3-877f2da2857f}</UniqueIdentifier>
    </Filter>
    <Filter Include="Source Code\Conversions\String to Math AST\ANTLR\ANTLR Context Objects\NonGroupingMultiplicationAntlrContext">
      <UniqueIdentifier>{6dd8e0bc-2f03-4a58-9b73-1a84c62c2c8d}</UniqueIdentifier>
    </Filter>
    <Filter Include="Source Code\Conversions\String to Math AST\ANTLR\ANTLR Context Objects\NumberLiteralAntlrContext">
      <UniqueIdentifier>{56732f83-81e2-43e3-93a6-ded229909faa}</UniqueIdentifier>
    </Filter>
    <Filter Include="Source Code\Conversions\String to Math AST\ANTLR\ANTLR Context Objects\WholefulNumberLiteralAntlrContext">
      <UniqueIdentifier>{e1032c61-504d-455c-b958-4b77fbcc8072}</UniqueIdentifier>
    </Filter>
    <Filter Include="Source Code\Conversions\String to Math AST\ANTLR\ANTLR Context Objects\WholelessNumberLiteralAntlrContext">
      <UniqueIdentifier>{c45adb4c-5c19-41d0-b0cf-1bba2c29a912}</UniqueIdentifier>
    </Filter>
    <Filter Include="Source Code\Conversions\String to Math AST\ANTLR\ANTLR Context Objects\SignOperationAntlrContext">
      <UniqueIdentifier>{4d862e95-e393-47b7-88e1-c44013995a44}</UniqueIdentifier>
    </Filter>
    <Filter Include="Source Code\Conversions\String to Math AST\ANTLR\ANTLR Context Objects\SignOperatorAntlrContext">
      <UniqueIdentifier>{f91e0457-bc8b-40c4-a954-60a1d318173c}</UniqueIdentifier>
    </Filter>
    <Filter Include="Source Code\Conversions\String to Math AST\ANTLR\ANTLR Context Objects\SqrtOperationAntlrContext">
      <UniqueIdentifier>{32ac3f32-f2e5-4e48-9c01-c820cafcd051}</UniqueIdentifier>
    </Filter>
    <Filter Include="Source Code\Conversions\String to Math AST\ANTLR\ANTLR Context Objects\GroupingAntlrContext">
      <UniqueIdentifier>{a355168e-23e9-46b6-b6c9-48bb1b0400e8}</UniqueIdentifier>
    </Filter>
    <Filter Include="Source Code\Conversions\String to Math AST\ANTLR\ANTLR Context Objects\AbsoluteValueOperationAntlrContext">
      <UniqueIdentifier>{541f6275-2634-4165-837a-439d038cafae}</UniqueIdentifier>
    </Filter>
    <Filter Include="Source Code\Conversions\String to Math AST\ANTLR\ANTLR Context Objects\GroupingMultiplicationAntlrContext">
      <UniqueIdentifier>{a84217cf-d94a-4709-8155-03acaee5534b}</UniqueIdentifier>
    </Filter>
    <Filter Include="Source Code\Conversions\String to Math AST\ANTLR\ANTLR Context Objects\GroupingTailMultiplicandAntlrContext">
      <UniqueIdentifier>{73b4acdf-819b-4f48-96ff-caf9140a24eb}</UniqueIdentifier>
    </Filter>
    <Filter Include="Source Code\Conversions\String to Math AST\ANTLR\ANTLR Context Objects\OperationPartPairAntlrContext">
      <UniqueIdentifier>{bbb5f641-5bf6-49df-a2c7-a4cdaf459191}</UniqueIdentifier>
    </Filter>
    <Filter Include="Source Code\Conversions\String to Math AST\ANTLR\ANTLR Context Objects\BinaryOperatorAntlrContext">
      <UniqueIdentifier>{382c6546-987e-426e-a993-ac3ff7800438}</UniqueIdentifier>
    </Filter>
    <Filter Include="Source Code\Conversions\String to Math AST\ANTLR\ANTLR Context Objects\FullExpressionAntlrContext\OwningTrueFullExpressionAntlrContext">
      <UniqueIdentifier>{66aa539c-b62a-40ba-a645-c2147e0e77d6}</UniqueIdentifier>
    </Filter>
    <Filter Include="Source Code\Conversions\String to Math AST\ANTLR\AntlrToken\TrueAntlrTokenView">
      <UniqueIdentifier>{97a6e0b1-45d8-49c3-b4ec-fcdad592f5ba}</UniqueIdentifier>
    </Filter>
    <Filter Include="Source Code\Conversions\String to Math AST\ANTLR\ANTLR Context Objects\ExpressionAntlrContext\TrueExpressionAntlrContextView">
      <UniqueIdentifier>{2687a26e-863e-4141-83cc-46e508c91931}</UniqueIdentifier>
    </Filter>
    <Filter Include="Source Code\Conversions\String to Math AST\ANTLR\ANTLR Context Objects\OperandAntlrContext\TrueOperandAntlrContextView">
      <UniqueIdentifier>{4d9d55bd-c864-4eb0-8fd2-790a00aaf757}</UniqueIdentifier>
    </Filter>
    <Filter Include="Source Code\Conversions\String to Math AST\ANTLR\ANTLR Context Objects\NonGroupingMultiplicationAntlrContext\TrueNonGroupingMultiplicationAntlrContextView">
      <UniqueIdentifier>{7988846a-6ad8-4c33-ae8d-3466577676e9}</UniqueIdentifier>
    </Filter>
    <Filter Include="Source Code\Conversions\String to Math AST\ANTLR\ANTLR Context Objects\NumberLiteralAntlrContext\TrueNumberLiteralAntlrContextView">
      <UniqueIdentifier>{540ea2af-7829-473b-9d95-d7ff3e86337c}</UniqueIdentifier>
    </Filter>
    <Filter Include="Source Code\Conversions\String to Math AST\ANTLR\ANTLR Context Objects\WholefulNumberLiteralAntlrContext\TrueWholefulNumberLiteralAntlrContextView">
      <UniqueIdentifier>{dfabb191-3696-4324-8cd2-c7006cb5fdd2}</UniqueIdentifier>
    </Filter>
    <Filter Include="Source Code\Conversions\String to Math AST\ANTLR\ANTLR Context Objects\WholelessNumberLiteralAntlrContext\TrueWholelessNumberLiteralAntlrContextView">
      <UniqueIdentifier>{1d17ec63-6a16-4d26-b961-39bb95f7b2f4}</UniqueIdentifier>
    </Filter>
    <Filter Include="Source Code\Conversions\String to Math AST\ANTLR\ANTLR Context Objects\SignOperationAntlrContext\TrueSignOperationAntlrContextView">
      <UniqueIdentifier>{d2982b75-451d-44ab-a593-ebdbc7cfd3c1}</UniqueIdentifier>
    </Filter>
    <Filter Include="Source Code\Conversions\String to Math AST\ANTLR\ANTLR Context Objects\SignOperatorAntlrContext\TrueSignOperatorAntlrContextView">
      <UniqueIdentifier>{8dcf3b11-e1ef-45d3-bc36-4bb4f72ab9a2}</UniqueIdentifier>
    </Filter>
    <Filter Include="Source Code\Conversions\String to Math AST\ANTLR\ANTLR Context Objects\SqrtOperationAntlrContext\TrueSqrtOperationAntlrContextView">
      <UniqueIdentifier>{ffa4b074-ae1e-4779-a02e-e5f7e7798f68}</UniqueIdentifier>
    </Filter>
    <Filter Include="Source Code\Conversions\String to Math AST\ANTLR\ANTLR Context Objects\AbsoluteValueOperationAntlrContext\TrueAbsoluteValueOperationAntlrContextView">
      <UniqueIdentifier>{0215584e-8595-4b45-9189-6c3a00452845}</UniqueIdentifier>
    </Filter>
    <Filter Include="Source Code\Conversions\String to Math AST\ANTLR\ANTLR Context Objects\GroupingAntlrContext\TrueGroupingAntlrContextView">
      <UniqueIdentifier>{7df5fe1f-b31a-4f63-a5be-b086f8824198}</UniqueIdentifier>
    </Filter>
    <Filter Include="Source Code\Conversions\String to Math AST\ANTLR\ANTLR Context Objects\GroupingMultiplicationAntlrContext\TrueGroupingMultiplicationAntlrContextView">
      <UniqueIdentifier>{2695e607-290a-4011-bb4e-a8c458cbe941}</UniqueIdentifier>
    </Filter>
    <Filter Include="Source Code\Conversions\String to Math AST\ANTLR\ANTLR Context Objects\GroupingTailMultiplicandAntlrContext\TrueGroupingTailMultiplicandAntlrContextView">
      <UniqueIdentifier>{79f20925-7082-4b84-8551-2a2b908c46ca}</UniqueIdentifier>
    </Filter>
    <Filter Include="Source Code\Conversions\String to Math AST\ANTLR\ANTLR Context Objects\OperationPartPairAntlrContext\TrueOperationPartPairAntlrContextView">
      <UniqueIdentifier>{63014b22-f751-4ea9-a9e5-595421a859b5}</UniqueIdentifier>
    </Filter>
    <Filter Include="Source Code\Conversions\String to Math AST\ANTLR\ANTLR Context Objects\BinaryOperatorAntlrContext\TrueBinaryOperatorAntlrContextView">
      <UniqueIdentifier>{e9fa4844-c51a-400d-8418-225e14bb684f}</UniqueIdentifier>
    </Filter>
    <Filter Include="Source Code\Exceptions\NotImplementedException">
      <UniqueIdentifier>{4ee76b1a-13bc-49d8-b78e-d5964c434918}</UniqueIdentifier>
    </Filter>
    <Filter Include="Source Code\Exceptions\Invalid Input Expression\EmptyInputExpressionException">
      <UniqueIdentifier>{605c9926-ba04-430f-9cc5-d6c7c708b326}</UniqueIdentifier>
    </Filter>
    <Filter Include="Source Code\Exceptions\Invalid Input Expression\UnexpectedInputExpressionCharException">
      <UniqueIdentifier>{64c494a9-e8de-4238-b74d-c0b2cd94b63d}</UniqueIdentifier>
    </Filter>
    <Filter Include="Source Code\Conversions\String to Math AST\ANTLR\StringToAntlrContextConverter\AntlrInvokingStringToAntlrContextConverter">
      <UniqueIdentifier>{17e0cc17-5f89-43a1-9825-d4913e271de2}</UniqueIdentifier>
    </Filter>
    <Filter Include="Source Code\Conversions\String to Math AST\ANTLR\AntlrContextToMathAstConverter\AntlrContextToDynamicMathAstConverter">
      <UniqueIdentifier>{ea0f5851-67db-48af-93f5-2b3ab9fb2d25}</UniqueIdentifier>
    </Filter>
  </ItemGroup>
  <ItemGroup>
    <ClInclude Include="CalculationConfiguration.h">
      <Filter>Source Code\CalculationConfiguration</Filter>
    </ClInclude>
    <ClInclude Include="strings.h">
      <Filter>Source Code</Filter>
    </ClInclude>
    <ClInclude Include="Console.h">
      <Filter>Source Code\Console</Filter>
    </ClInclude>
    <ClInclude Include="RawCmdLineArgParser.h">
      <Filter>Source Code</Filter>
    </ClInclude>
    <ClInclude Include="MathAstNode.h">
      <Filter>Source Code\Math AST</Filter>
    </ClInclude>
    <ClInclude Include="ExpressionNode.h">
      <Filter>Source Code\Math AST</Filter>
    </ClInclude>
    <ClInclude Include="ExpressionPartNode.h">
      <Filter>Source Code\Math AST</Filter>
    </ClInclude>
    <ClInclude Include="Expression.h">
      <Filter>Source Code\Expressions</Filter>
    </ClInclude>
    <ClInclude Include="MathAstToExpressionConverter.h">
      <Filter>Source Code\Conversions</Filter>
    </ClInclude>
    <ClInclude Include="ExpressionToStringConverter.h">
      <Filter>Source Code\Conversions</Filter>
    </ClInclude>
    <ClInclude Include="ProcessConfiguration.h">
      <Filter>Source Code</Filter>
    </ClInclude>
    <ClInclude Include="Process.h">
      <Filter>Source Code\Process</Filter>
    </ClInclude>
    <ClInclude Include="Calculation.h">
      <Filter>Source Code\Calculation</Filter>
    </ClInclude>
    <ClInclude Include="BadRawCmdLineArgsException.h">
      <Filter>Source Code\Exceptions\Raw Cmd Line Args</Filter>
    </ClInclude>
    <ClInclude Include="UnknownCmdLineArgException.h">
      <Filter>Source Code\Exceptions\Raw Cmd Line Args\UnknownCmdLineArgException</Filter>
    </ClInclude>
    <ClInclude Include="MissingCmdLineArgValueException.h">
      <Filter>Source Code\Exceptions\Raw Cmd Line Args\MissingCmdLineArgValueException</Filter>
    </ClInclude>
    <ClInclude Include="InvalidInputExpressionException.h">
      <Filter>Source Code\Exceptions\Invalid Input Expression</Filter>
    </ClInclude>
    <ClInclude Include="BasicCalculation.h">
      <Filter>Source Code\Calculation\BasicCalculation</Filter>
    </ClInclude>
    <ClInclude Include="DynamicMathAstNode.h">
      <Filter>Source Code\Math AST\Dynamic</Filter>
    </ClInclude>
    <ClInclude Include="DynamicExpressionPartNode.h">
      <Filter>Source Code\Math AST\Dynamic</Filter>
    </ClInclude>
    <ClInclude Include="EBinaryOperator.h">
      <Filter>Source Code\Math AST</Filter>
    </ClInclude>
    <ClInclude Include="DynamicOperandNode.h">
      <Filter>Source Code\Math AST\Dynamic</Filter>
    </ClInclude>
    <ClInclude Include="DynamicExpressionContainingNode.h">
      <Filter>Source Code\Math AST\Dynamic</Filter>
    </ClInclude>
    <ClInclude Include="DynamicBinaryOperatorNode.h">
      <Filter>Source Code\Math AST\Dynamic\DynamicBinaryOperatorNode</Filter>
    </ClInclude>
    <ClInclude Include="DynamicGroupingMultiplicationNode.h">
      <Filter>Source Code\Math AST\Dynamic\DynamicGroupingMultiplicationNode</Filter>
    </ClInclude>
    <ClInclude Include="DynamicGroupingNode.h">
      <Filter>Source Code\Math AST\Dynamic\DynamicGroupingNode</Filter>
    </ClInclude>
    <ClInclude Include="DynamicAbsoluteValueNode.h">
      <Filter>Source Code\Math AST\Dynamic\DynamicAbsoluteValueNode</Filter>
    </ClInclude>
    <ClInclude Include="DynamicNumberLiteralNode.h">
      <Filter>Source Code\Math AST\Dynamic\DynamicNumberLiteralNode</Filter>
    </ClInclude>
    <ClInclude Include="DynamicSignOperationNode.h">
      <Filter>Source Code\Math AST\Dynamic\DynamicSignOperationNode</Filter>
    </ClInclude>
    <ClInclude Include="DynamicSqrtOperationNode.h">
      <Filter>Source Code\Math AST\Dynamic\DynamicSqrtOperationNode</Filter>
    </ClInclude>
    <ClInclude Include="StringToMathAstConverter.h">
      <Filter>Source Code\Conversions\String to Math AST</Filter>
    </ClInclude>
    <ClInclude Include="AntlrBasedStringToMathAstConverter.h">
      <Filter>Source Code\Conversions\String to Math AST\ANTLR\AntlrBasedStringToMathAstConverter</Filter>
    </ClInclude>
    <ClInclude Include="dynamic_mathast.h">
      <Filter>Source Code\Math AST\Dynamic</Filter>
    </ClInclude>
    <ClInclude Include="StringToAntlrContextConverter.h">
      <Filter>Source Code\Conversions\String to Math AST\ANTLR\StringToAntlrContextConverter</Filter>
    </ClInclude>
    <ClInclude Include="AntlrContextToMathAstConverter.h">
      <Filter>Source Code\Conversions\String to Math AST\ANTLR\AntlrContextToMathAstConverter</Filter>
    </ClInclude>
    <ClInclude Include="AntlrContextToDynamicMathAstConverter.h">
      <Filter>Source Code\Conversions\String to Math AST\ANTLR\AntlrContextToMathAstConverter\AntlrContextToDynamicMathAstConverter</Filter>
    </ClInclude>
    <ClInclude Include="AntlrToken.h">
      <Filter>Source Code\Conversions\String to Math AST\ANTLR\AntlrToken</Filter>
    </ClInclude>
    <ClInclude Include="FullExpressionAntlrContext.h">
      <Filter>Source Code\Conversions\String to Math AST\ANTLR\ANTLR Context Objects\FullExpressionAntlrContext</Filter>
    </ClInclude>
    <ClInclude Include="utilities.h">
      <Filter>Source Code</Filter>
    </ClInclude>
    <ClInclude Include="ExpressionAntlrContext.h">
      <Filter>Source Code\Conversions\String to Math AST\ANTLR\ANTLR Context Objects\ExpressionAntlrContext</Filter>
    </ClInclude>
    <ClInclude Include="OperandAntlrContext.h">
      <Filter>Source Code\Conversions\String to Math AST\ANTLR\ANTLR Context Objects\OperandAntlrContext</Filter>
    </ClInclude>
    <ClInclude Include="NonGroupingMultiplicationAntlrContext.h">
      <Filter>Source Code\Conversions\String to Math AST\ANTLR\ANTLR Context Objects\NonGroupingMultiplicationAntlrContext</Filter>
    </ClInclude>
    <ClInclude Include="NumberLiteralAntlrContext.h">
      <Filter>Source Code\Conversions\String to Math AST\ANTLR\ANTLR Context Objects\NumberLiteralAntlrContext</Filter>
    </ClInclude>
    <ClInclude Include="WholefulNumberLiteralAntlrContext.h">
      <Filter>Source Code\Conversions\String to Math AST\ANTLR\ANTLR Context Objects\WholefulNumberLiteralAntlrContext</Filter>
    </ClInclude>
    <ClInclude Include="WholelessNumberLiteralAntlrContext.h">
      <Filter>Source Code\Conversions\String to Math AST\ANTLR\ANTLR Context Objects\WholelessNumberLiteralAntlrContext</Filter>
    </ClInclude>
    <ClInclude Include="SignOperationAntlrContext.h">
      <Filter>Source Code\Conversions\String to Math AST\ANTLR\ANTLR Context Objects\SignOperationAntlrContext</Filter>
    </ClInclude>
    <ClInclude Include="SignOperatorAntlrContext.h">
      <Filter>Source Code\Conversions\String to Math AST\ANTLR\ANTLR Context Objects\SignOperatorAntlrContext</Filter>
    </ClInclude>
    <ClInclude Include="SqrtOperationAntlrContext.h">
      <Filter>Source Code\Conversions\String to Math AST\ANTLR\ANTLR Context Objects\SqrtOperationAntlrContext</Filter>
    </ClInclude>
    <ClInclude Include="GroupingAntlrContext.h">
      <Filter>Source Code\Conversions\String to Math AST\ANTLR\ANTLR Context Objects\GroupingAntlrContext</Filter>
    </ClInclude>
    <ClInclude Include="AbsoluteValueOperationAntlrContext.h">
      <Filter>Source Code\Conversions\String to Math AST\ANTLR\ANTLR Context Objects\AbsoluteValueOperationAntlrContext</Filter>
    </ClInclude>
    <ClInclude Include="GroupingMultiplicationAntlrContext.h">
      <Filter>Source Code\Conversions\String to Math AST\ANTLR\ANTLR Context Objects\GroupingMultiplicationAntlrContext</Filter>
    </ClInclude>
    <ClInclude Include="GroupingTailMultiplicandAntlrContext.h">
      <Filter>Source Code\Conversions\String to Math AST\ANTLR\ANTLR Context Objects\GroupingTailMultiplicandAntlrContext</Filter>
    </ClInclude>
    <ClInclude Include="OperationPartPairAntlrContext.h">
      <Filter>Source Code\Conversions\String to Math AST\ANTLR\ANTLR Context Objects\OperationPartPairAntlrContext</Filter>
    </ClInclude>
    <ClInclude Include="BinaryOperatorAntlrContext.h">
      <Filter>Source Code\Conversions\String to Math AST\ANTLR\ANTLR Context Objects\BinaryOperatorAntlrContext</Filter>
    </ClInclude>
    <ClInclude Include="AntlrContextTypeDeductions.h">
      <Filter>Source Code\Conversions\String to Math AST\ANTLR</Filter>
    </ClInclude>
    <ClInclude Include="DynamicExpressionNode.h">
      <Filter>Source Code\Math AST\Dynamic</Filter>
    </ClInclude>
    <ClInclude Include="DynamicUnaryOperationNode.h">
      <Filter>Source Code\Math AST\Dynamic</Filter>
    </ClInclude>
    <ClInclude Include="std_polyfills.h">
      <Filter>Source Code</Filter>
    </ClInclude>
    <ClInclude Include="OwningTrueFullExpressionAntlrContext.h">
      <Filter>Source Code\Conversions\String to Math AST\ANTLR\ANTLR Context Objects\FullExpressionAntlrContext\OwningTrueFullExpressionAntlrContext</Filter>
    </ClInclude>
    <ClInclude Include="TrueAntlrTokenView.h">
      <Filter>Source Code\Conversions\String to Math AST\ANTLR\AntlrToken\TrueAntlrTokenView</Filter>
    </ClInclude>
    <ClInclude Include="TrueExpressionAntlrContextView.h">
      <Filter>Source Code\Conversions\String to Math AST\ANTLR\ANTLR Context Objects\ExpressionAntlrContext\TrueExpressionAntlrContextView</Filter>
    </ClInclude>
    <ClInclude Include="TrueOperandAntlrContextView.h">
      <Filter>Source Code\Conversions\String to Math AST\ANTLR\ANTLR Context Objects\OperandAntlrContext\TrueOperandAntlrContextView</Filter>
    </ClInclude>
    <ClInclude Include="TrueNonGroupingMultiplicationAntlrContextView.h">
      <Filter>Source Code\Conversions\String to Math AST\ANTLR\ANTLR Context Objects\NonGroupingMultiplicationAntlrContext\TrueNonGroupingMultiplicationAntlrContextView</Filter>
    </ClInclude>
    <ClInclude Include="TrueNumberLiteralAntlrContextView.h">
      <Filter>Source Code\Conversions\String to Math AST\ANTLR\ANTLR Context Objects\NumberLiteralAntlrContext\TrueNumberLiteralAntlrContextView</Filter>
    </ClInclude>
    <ClInclude Include="TrueWholefulNumberLiteralAntlrContextView.h">
      <Filter>Source Code\Conversions\String to Math AST\ANTLR\ANTLR Context Objects\WholefulNumberLiteralAntlrContext\TrueWholefulNumberLiteralAntlrContextView</Filter>
    </ClInclude>
    <ClInclude Include="TrueWholelessNumberLiteralAntlrContextView.h">
      <Filter>Source Code\Conversions\String to Math AST\ANTLR\ANTLR Context Objects\WholelessNumberLiteralAntlrContext\TrueWholelessNumberLiteralAntlrContextView</Filter>
    </ClInclude>
    <ClInclude Include="TrueSignOperationAntlrContextView.h">
      <Filter>Source Code\Conversions\String to Math AST\ANTLR\ANTLR Context Objects\SignOperationAntlrContext\TrueSignOperationAntlrContextView</Filter>
    </ClInclude>
    <ClInclude Include="TrueSignOperatorAntlrContextView.h">
      <Filter>Source Code\Conversions\String to Math AST\ANTLR\ANTLR Context Objects\SignOperatorAntlrContext\TrueSignOperatorAntlrContextView</Filter>
    </ClInclude>
    <ClInclude Include="TrueSqrtOperationAntlrContextView.h">
      <Filter>Source Code\Conversions\String to Math AST\ANTLR\ANTLR Context Objects\SqrtOperationAntlrContext\TrueSqrtOperationAntlrContextView</Filter>
    </ClInclude>
    <ClInclude Include="TrueGroupingAntlrContextView.h">
      <Filter>Source Code\Conversions\String to Math AST\ANTLR\ANTLR Context Objects\GroupingAntlrContext\TrueGroupingAntlrContextView</Filter>
    </ClInclude>
    <ClInclude Include="TrueAbsoluteValueOperationAntlrContextView.h">
      <Filter>Source Code\Conversions\String to Math AST\ANTLR\ANTLR Context Objects\AbsoluteValueOperationAntlrContext\TrueAbsoluteValueOperationAntlrContextView</Filter>
    </ClInclude>
    <ClInclude Include="TrueGroupingMultiplicationAntlrContextView.h">
      <Filter>Source Code\Conversions\String to Math AST\ANTLR\ANTLR Context Objects\GroupingMultiplicationAntlrContext\TrueGroupingMultiplicationAntlrContextView</Filter>
    </ClInclude>
    <ClInclude Include="TrueGroupingTailMultiplicandAntlrContextView.h">
      <Filter>Source Code\Conversions\String to Math AST\ANTLR\ANTLR Context Objects\GroupingTailMultiplicandAntlrContext\TrueGroupingTailMultiplicandAntlrContextView</Filter>
    </ClInclude>
    <ClInclude Include="TrueOperationPartPairAntlrContextView.h">
      <Filter>Source Code\Conversions\String to Math AST\ANTLR\ANTLR Context Objects\OperationPartPairAntlrContext\TrueOperationPartPairAntlrContextView</Filter>
    </ClInclude>
    <ClInclude Include="TrueBinaryOperatorAntlrContextView.h">
      <Filter>Source Code\Conversions\String to Math AST\ANTLR\ANTLR Context Objects\BinaryOperatorAntlrContext\TrueBinaryOperatorAntlrContextView</Filter>
    </ClInclude>
    <ClInclude Include="NotImplementedException.h">
      <Filter>Source Code\Exceptions\NotImplementedException</Filter>
    </ClInclude>
    <ClInclude Include="EmptyInputExpressionException.h">
      <Filter>Source Code\Exceptions\Invalid Input Expression\EmptyInputExpressionException</Filter>
    </ClInclude>
    <ClInclude Include="UnexpectedInputExpressionCharException.h">
      <Filter>Source Code\Exceptions\Invalid Input Expression\UnexpectedInputExpressionCharException</Filter>
    </ClInclude>
    <ClInclude Include="AntlrInvokingStringToAntlrContextConverter.h">
      <Filter>Source Code\Conversions\String to Math AST\ANTLR\StringToAntlrContextConverter\AntlrInvokingStringToAntlrContextConverter</Filter>
    </ClInclude>
  </ItemGroup>
  <ItemGroup>
    <ClCompile Include="CalculationConfiguration.cpp">
      <Filter>Source Code\CalculationConfiguration</Filter>
    </ClCompile>
    <ClCompile Include="Process.cpp">
      <Filter>Source Code\Process</Filter>
    </ClCompile>
    <ClCompile Include="UnknownCmdLineArgException.cpp">
      <Filter>Source Code\Exceptions\Raw Cmd Line Args\UnknownCmdLineArgException</Filter>
    </ClCompile>
    <ClCompile Include="MissingCmdLineArgValueException.cpp">
      <Filter>Source Code\Exceptions\Raw Cmd Line Args\MissingCmdLineArgValueException</Filter>
    </ClCompile>
    <ClCompile Include="BasicCalculation.cpp">
      <Filter>Source Code\Calculation\BasicCalculation</Filter>
    </ClCompile>
    <ClCompile Include="DynamicBinaryOperatorNode.cpp">
      <Filter>Source Code\Math AST\Dynamic\DynamicBinaryOperatorNode</Filter>
    </ClCompile>
    <ClCompile Include="DynamicGroupingMultiplicationNode.cpp">
      <Filter>Source Code\Math AST\Dynamic\DynamicGroupingMultiplicationNode</Filter>
    </ClCompile>
    <ClCompile Include="DynamicGroupingNode.cpp">
      <Filter>Source Code\Math AST\Dynamic\DynamicGroupingNode</Filter>
    </ClCompile>
    <ClCompile Include="DynamicAbsoluteValueNode.cpp">
      <Filter>Source Code\Math AST\Dynamic\DynamicAbsoluteValueNode</Filter>
    </ClCompile>
    <ClCompile Include="DynamicNumberLiteralNode.cpp">
      <Filter>Source Code\Math AST\Dynamic\DynamicNumberLiteralNode</Filter>
    </ClCompile>
    <ClCompile Include="DynamicSignOperationNode.cpp">
      <Filter>Source Code\Math AST\Dynamic\DynamicSignOperationNode</Filter>
    </ClCompile>
    <ClCompile Include="DynamicSqrtOperationNode.cpp">
      <Filter>Source Code\Math AST\Dynamic\DynamicSqrtOperationNode</Filter>
    </ClCompile>
    <ClCompile Include="AntlrBasedStringToMathAstConverter.cpp">
      <Filter>Source Code\Conversions\String to Math AST\ANTLR\AntlrBasedStringToMathAstConverter</Filter>
    </ClCompile>
    <ClCompile Include="AntlrContextToDynamicMathAstConverter.cpp">
      <Filter>Source Code\Conversions\String to Math AST\ANTLR\AntlrContextToMathAstConverter\AntlrContextToDynamicMathAstConverter</Filter>
    </ClCompile>
    <ClCompile Include="OwningTrueFullExpressionAntlrContext.cpp">
      <Filter>Source Code\Conversions\String to Math AST\ANTLR\ANTLR Context Objects\FullExpressionAntlrContext\OwningTrueFullExpressionAntlrContext</Filter>
    </ClCompile>
    <ClCompile Include="TrueAntlrTokenView.cpp">
      <Filter>Source Code\Conversions\String to Math AST\ANTLR\AntlrToken\TrueAntlrTokenView</Filter>
    </ClCompile>
    <ClCompile Include="TrueExpressionAntlrContextView.cpp">
      <Filter>Source Code\Conversions\String to Math AST\ANTLR\ANTLR Context Objects\ExpressionAntlrContext\TrueExpressionAntlrContextView</Filter>
    </ClCompile>
    <ClCompile Include="TrueOperandAntlrContextView.cpp">
      <Filter>Source Code\Conversions\String to Math AST\ANTLR\ANTLR Context Objects\OperandAntlrContext\TrueOperandAntlrContextView</Filter>
    </ClCompile>
    <ClCompile Include="TrueNonGroupingMultiplicationAntlrContextView.cpp">
      <Filter>Source Code\Conversions\String to Math AST\ANTLR\ANTLR Context Objects\NonGroupingMultiplicationAntlrContext\TrueNonGroupingMultiplicationAntlrContextView</Filter>
    </ClCompile>
    <ClCompile Include="TrueNumberLiteralAntlrContextView.cpp">
      <Filter>Source Code\Conversions\String to Math AST\ANTLR\ANTLR Context Objects\NumberLiteralAntlrContext\TrueNumberLiteralAntlrContextView</Filter>
    </ClCompile>
    <ClCompile Include="TrueWholefulNumberLiteralAntlrContextView.cpp">
      <Filter>Source Code\Conversions\String to Math AST\ANTLR\ANTLR Context Objects\WholefulNumberLiteralAntlrContext\TrueWholefulNumberLiteralAntlrContextView</Filter>
    </ClCompile>
    <ClCompile Include="TrueWholelessNumberLiteralAntlrContextView.cpp">
      <Filter>Source Code\Conversions\String to Math AST\ANTLR\ANTLR Context Objects\WholelessNumberLiteralAntlrContext\TrueWholelessNumberLiteralAntlrContextView</Filter>
    </ClCompile>
    <ClCompile Include="TrueSignOperationAntlrContextView.cpp">
      <Filter>Source Code\Conversions\String to Math AST\ANTLR\ANTLR Context Objects\SignOperationAntlrContext\TrueSignOperationAntlrContextView</Filter>
    </ClCompile>
    <ClCompile Include="TrueSignOperatorAntlrContextView.cpp">
      <Filter>Source Code\Conversions\String to Math AST\ANTLR\ANTLR Context Objects\SignOperatorAntlrContext\TrueSignOperatorAntlrContextView</Filter>
    </ClCompile>
    <ClCompile Include="TrueSqrtOperationAntlrContextView.cpp">
      <Filter>Source Code\Conversions\String to Math AST\ANTLR\ANTLR Context Objects\SqrtOperationAntlrContext\TrueSqrtOperationAntlrContextView</Filter>
    </ClCompile>
    <ClCompile Include="TrueGroupingAntlrContextView.cpp">
      <Filter>Source Code\Conversions\String to Math AST\ANTLR\ANTLR Context Objects\GroupingAntlrContext\TrueGroupingAntlrContextView</Filter>
    </ClCompile>
    <ClCompile Include="TrueAbsoluteValueOperationAntlrContextView.cpp">
      <Filter>Source Code\Conversions\String to Math AST\ANTLR\ANTLR Context Objects\AbsoluteValueOperationAntlrContext\TrueAbsoluteValueOperationAntlrContextView</Filter>
    </ClCompile>
    <ClCompile Include="TrueGroupingMultiplicationAntlrContextView.cpp">
      <Filter>Source Code\Conversions\String to Math AST\ANTLR\ANTLR Context Objects\GroupingMultiplicationAntlrContext\TrueGroupingMultiplicationAntlrContextView</Filter>
    </ClCompile>
    <ClCompile Include="TrueGroupingTailMultiplicandAntlrContextView.cpp">
      <Filter>Source Code\Conversions\String to Math AST\ANTLR\ANTLR Context Objects\GroupingTailMultiplicandAntlrContext\TrueGroupingTailMultiplicandAntlrContextView</Filter>
    </ClCompile>
    <ClCompile Include="TrueOperationPartPairAntlrContextView.cpp">
      <Filter>Source Code\Conversions\String to Math AST\ANTLR\ANTLR Context Objects\OperationPartPairAntlrContext\TrueOperationPartPairAntlrContextView</Filter>
    </ClCompile>
    <ClCompile Include="TrueBinaryOperatorAntlrContextView.cpp">
      <Filter>Source Code\Conversions\String to Math AST\ANTLR\ANTLR Context Objects\BinaryOperatorAntlrContext\TrueBinaryOperatorAntlrContextView</Filter>
    </ClCompile>
    <ClCompile Include="NotImplementedException.cpp">
      <Filter>Source Code\Exceptions\NotImplementedException</Filter>
    </ClCompile>
    <ClCompile Include="EmptyInputExpressionException.cpp">
      <Filter>Source Code\Exceptions\Invalid Input Expression\EmptyInputExpressionException</Filter>
    </ClCompile>
    <ClCompile Include="UnexpectedInputExpressionCharException.cpp">
      <Filter>Source Code\Exceptions\Invalid Input Expression\UnexpectedInputExpressionCharException</Filter>
    </ClCompile>
    <ClCompile Include="AntlrInvokingStringToAntlrContextConverter.cpp">
      <Filter>Source Code\Conversions\String to Math AST\ANTLR\StringToAntlrContextConverter\AntlrInvokingStringToAntlrContextConverter</Filter>
    </ClCompile>
  </ItemGroup>
</Project>