<?xml version="1.0" encoding="utf-8"?>
<Project ToolsVersion="4.0" xmlns="http://schemas.microsoft.com/developer/msbuild/2003">
  <ItemGroup>
    <Filter Include="Source Code">
      <UniqueIdentifier>{d9c1e6b0-97ca-4c73-a701-6133e954e817}</UniqueIdentifier>
    </Filter>
    <Filter Include="Source Code\CalculationConfiguration">
      <UniqueIdentifier>{2d53abbe-d655-46e6-a863-3db42d185559}</UniqueIdentifier>
    </Filter>
    <Filter Include="Source Code\Console">
      <UniqueIdentifier>{03fd4d71-8fcb-4692-8d31-8b286168e75b}</UniqueIdentifier>
    </Filter>
    <Filter Include="Source Code\Math AST">
      <UniqueIdentifier>{8668adda-befc-4fab-8630-231000c77fa2}</UniqueIdentifier>
    </Filter>
    <Filter Include="Source Code\Conversions">
      <UniqueIdentifier>{bf3f20b8-da31-4638-8f4a-f770dd8c5095}</UniqueIdentifier>
    </Filter>
    <Filter Include="Source Code\Expressions">
      <UniqueIdentifier>{ddb9ad41-d3b7-44c1-bd38-8e61fe661325}</UniqueIdentifier>
    </Filter>
    <Filter Include="Source Code\Process">
      <UniqueIdentifier>{7b39565f-8813-4a14-b834-c3eb35cd9f79}</UniqueIdentifier>
    </Filter>
    <Filter Include="Source Code\Calculation">
      <UniqueIdentifier>{ede9fcfe-95b9-45c8-b886-b11d6f49f670}</UniqueIdentifier>
    </Filter>
    <Filter Include="Source Code\Exceptions">
      <UniqueIdentifier>{a8c73f27-97cb-4a2a-954f-054261803597}</UniqueIdentifier>
    </Filter>
    <Filter Include="Source Code\Exceptions\Raw Cmd Line Args">
      <UniqueIdentifier>{53b396ec-e194-4442-bc4c-1499e4613189}</UniqueIdentifier>
    </Filter>
    <Filter Include="Source Code\Exceptions\Raw Cmd Line Args\UnknownCmdLineArgException">
      <UniqueIdentifier>{49d30086-081e-4b54-942c-cbaac956a248}</UniqueIdentifier>
    </Filter>
    <Filter Include="Source Code\Exceptions\Raw Cmd Line Args\MissingCmdLineArgValueException">
      <UniqueIdentifier>{35892eca-46a2-44c0-880b-f48668ea598f}</UniqueIdentifier>
    </Filter>
    <Filter Include="Source Code\Exceptions\Invalid Input Expression">
      <UniqueIdentifier>{7a408c41-e6f1-497a-97fd-816488463bd8}</UniqueIdentifier>
    </Filter>
    <Filter Include="Source Code\Calculation\SimpleCalculation">
      <UniqueIdentifier>{48546601-64b7-462e-b56a-d7fc3cafdaf4}</UniqueIdentifier>
    </Filter>
  </ItemGroup>
  <ItemGroup>
    <ClInclude Include="CalculationConfiguration.h">
      <Filter>Source Code\CalculationConfiguration</Filter>
    </ClInclude>
    <ClInclude Include="strings.h">
      <Filter>Source Code</Filter>
    </ClInclude>
    <ClInclude Include="Console.h">
      <Filter>Source Code\Console</Filter>
    </ClInclude>
    <ClInclude Include="RawCmdLineArgParser.h">
      <Filter>Source Code</Filter>
    </ClInclude>
    <ClInclude Include="MathAstNode.h">
      <Filter>Source Code\Math AST</Filter>
    </ClInclude>
    <ClInclude Include="StringToMathAstConverter.h">
      <Filter>Source Code\Conversions</Filter>
    </ClInclude>
    <ClInclude Include="ExpressionNode.h">
      <Filter>Source Code\Math AST</Filter>
    </ClInclude>
    <ClInclude Include="ExpressionPartNode.h">
      <Filter>Source Code\Math AST</Filter>
    </ClInclude>
    <ClInclude Include="Expression.h">
      <Filter>Source Code\Expressions</Filter>
    </ClInclude>
    <ClInclude Include="MathAstToExpressionConverter.h">
      <Filter>Source Code\Conversions</Filter>
    </ClInclude>
    <ClInclude Include="ExpressionToStringConverter.h">
      <Filter>Source Code\Conversions</Filter>
    </ClInclude>
    <ClInclude Include="ProcessConfiguration.h">
      <Filter>Source Code</Filter>
    </ClInclude>
    <ClInclude Include="Process.h">
      <Filter>Source Code\Process</Filter>
    </ClInclude>
    <ClInclude Include="Calculation.h">
      <Filter>Source Code\Calculation</Filter>
    </ClInclude>
    <ClInclude Include="BadRawCmdLineArgsException.h">
      <Filter>Source Code\Exceptions\Raw Cmd Line Args</Filter>
    </ClInclude>
    <ClInclude Include="NotImplementedException.h">
      <Filter>Source Code\Exceptions</Filter>
    </ClInclude>
    <ClInclude Include="UnknownCmdLineArgException.h">
      <Filter>Source Code\Exceptions\Raw Cmd Line Args\UnknownCmdLineArgException</Filter>
    </ClInclude>
    <ClInclude Include="MissingCmdLineArgValueException.h">
      <Filter>Source Code\Exceptions\Raw Cmd Line Args\MissingCmdLineArgValueException</Filter>
    </ClInclude>
    <ClInclude Include="InvalidInputExpressionException.h">
      <Filter>Source Code\Exceptions\Invalid Input Expression</Filter>
    </ClInclude>
    <ClInclude Include="SimpleCalculation.h">
      <Filter>Source Code\Calculation\SimpleCalculation</Filter>
    </ClInclude>
  </ItemGroup>
  <ItemGroup>
    <ClCompile Include="CalculationConfiguration.cpp">
      <Filter>Source Code\CalculationConfiguration</Filter>
    </ClCompile>
    <ClCompile Include="Process.cpp">
      <Filter>Source Code\Process</Filter>
    </ClCompile>
    <ClCompile Include="UnknownCmdLineArgException.cpp">
      <Filter>Source Code\Exceptions\Raw Cmd Line Args\UnknownCmdLineArgException</Filter>
    </ClCompile>
    <ClCompile Include="MissingCmdLineArgValueException.cpp">
      <Filter>Source Code\Exceptions\Raw Cmd Line Args\MissingCmdLineArgValueException</Filter>
    </ClCompile>
    <ClCompile Include="SimpleCalculation.cpp">
      <Filter>Source Code\Calculation\SimpleCalculation</Filter>
    </ClCompile>
  </ItemGroup>
</Project>